
Microsoft Visual Studio Solution File, Format Version 12.00
Project("{FAE04EC0-301F-11D3-BF4B-00C04F79EFBC}") = "UserService.API", "UserService.API\UserService.API.csproj", "{2D471B07-830E-489C-BBD0-00A9108C6D5D}"
EndProject
Project("{FAE04EC0-301F-11D3-BF4B-00C04F79EFBC}") = "UserService.DAL", "UserService.DAL\UserService.DAL.csproj", "{991891C6-DEB7-40D9-A695-383010BF59A6}"
EndProject
Project("{FAE04EC0-301F-11D3-BF4B-00C04F79EFBC}") = "UserService.BLL", "UserService.BLL\UserService.BLL.csproj", "{FBBE04F1-B314-4693-AB51-5CE493DDEC98}"
EndProject
Project("{FAE04EC0-301F-11D3-BF4B-00C04F79EFBC}") = "Shared", "Shared\Shared.csproj", "{53ACBAD6-7001-4E73-82DC-5B273D159FFE}"
EndProject
Global
	GlobalSection(SolutionConfigurationPlatforms) = preSolution
		Debug|Any CPU = Debug|Any CPU
		Release|Any CPU = Release|Any CPU
	EndGlobalSection
	GlobalSection(ProjectConfigurationPlatforms) = postSolution
		{2D471B07-830E-489C-BBD0-00A9108C6D5D}.Debug|Any CPU.ActiveCfg = Debug|Any CPU
		{2D471B07-830E-489C-BBD0-00A9108C6D5D}.Debug|Any CPU.Build.0 = Debug|Any CPU
		{2D471B07-830E-489C-BBD0-00A9108C6D5D}.Release|Any CPU.ActiveCfg = Release|Any CPU
		{2D471B07-830E-489C-BBD0-00A9108C6D5D}.Release|Any CPU.Build.0 = Release|Any CPU
		{991891C6-DEB7-40D9-A695-383010BF59A6}.Debug|Any CPU.ActiveCfg = Debug|Any CPU
		{991891C6-DEB7-40D9-A695-383010BF59A6}.Debug|Any CPU.Build.0 = Debug|Any CPU
		{991891C6-DEB7-40D9-A695-383010BF59A6}.Release|Any CPU.ActiveCfg = Release|Any CPU
		{991891C6-DEB7-40D9-A695-383010BF59A6}.Release|Any CPU.Build.0 = Release|Any CPU
		{FBBE04F1-B314-4693-AB51-5CE493DDEC98}.Debug|Any CPU.ActiveCfg = Debug|Any CPU
		{FBBE04F1-B314-4693-AB51-5CE493DDEC98}.Debug|Any CPU.Build.0 = Debug|Any CPU
		{FBBE04F1-B314-4693-AB51-5CE493DDEC98}.Release|Any CPU.ActiveCfg = Release|Any CPU
		{FBBE04F1-B314-4693-AB51-5CE493DDEC98}.Release|Any CPU.Build.0 = Release|Any CPU
		{53ACBAD6-7001-4E73-82DC-5B273D159FFE}.Debug|Any CPU.ActiveCfg = Debug|Any CPU
		{53ACBAD6-7001-4E73-82DC-5B273D159FFE}.Debug|Any CPU.Build.0 = Debug|Any CPU
		{53ACBAD6-7001-4E73-82DC-5B273D159FFE}.Release|Any CPU.ActiveCfg = Release|Any CPU
		{53ACBAD6-7001-4E73-82DC-5B273D159FFE}.Release|Any CPU.Build.0 = Release|Any CPU
	EndGlobalSection
EndGlobal
